
Microsoft Visual Studio Solution File, Format Version 12.00
# Visual Studio 15
VisualStudioVersion = 15.0.28010.2046
MinimumVisualStudioVersion = 10.0.40219.1
Project("{FAE04EC0-301F-11D3-BF4B-00C04F79EFBC}") = "DefenderCheck", "DefenderCheck\DefenderCheck.csproj", "{3EC9B9A8-0AFE-44A7-8B95-7F60E750F042}"
EndProject
Global
	GlobalSection(SolutionConfigurationPlatforms) = preSolution
		Debug|Any CPU = Debug|Any CPU
		Release|Any CPU = Release|Any CPU
	EndGlobalSection
	GlobalSection(ProjectConfigurationPlatforms) = postSolution
		{3EC9B9A8-0AFE-44A7-8B95-7F60E750F042}.Debug|Any CPU.ActiveCfg = Debug|Any CPU
		{3EC9B9A8-0AFE-44A7-8B95-7F60E750F042}.Debug|Any CPU.Build.0 = Debug|Any CPU
		{3EC9B9A8-0AFE-44A7-8B95-7F60E750F042}.Release|Any CPU.ActiveCfg = Release|Any CPU
		{3EC9B9A8-0AFE-44A7-8B95-7F60E750F042}.Release|Any CPU.Build.0 = Release|Any CPU
	EndGlobalSection
	GlobalSection(SolutionProperties) = preSolution
		HideSolutionNode = FALSE
	EndGlobalSection
	GlobalSection(ExtensibilityGlobals) = postSolution
		SolutionGuid = {BE4CF309-33A2-40C7-9371-EF50A85C8AF7}
	EndGlobalSection
EndGlobal
